
Microsoft Visual Studio Solution File, Format Version 12.00
# Visual Studio Version 17
VisualStudioVersion = 17.2.32616.157
MinimumVisualStudioVersion = 10.0.40219.1
Project("{9A19103F-16F7-4668-BE54-9A1E7A4F7556}") = "SIP-o-matic", "SIP-o-matic\SIP-o-matic.csproj", "{95255AE7-01F3-48A5-A307-3D7C2DD82B0B}"
EndProject
Project("{2150E333-8FDC-42A3-9474-1A3956D46DE8}") = "Dependencies", "Dependencies", "{FBC5094F-1E9C-4B2B-8DBC-710009E6DE9A}"
EndProject
Project("{FAE04EC0-301F-11D3-BF4B-00C04F79EFBC}") = "EthernetFrameReaderLib", "..\EthernetFrameReaderLib\EthernetFrameReaderLib\EthernetFrameReaderLib.csproj", "{7F86EF1D-94C6-44DF-9C8F-4701ADA054FC}"
EndProject
Project("{9A19103F-16F7-4668-BE54-9A1E7A4F7556}") = "SIPParserLib", "..\SIPParserLib\SIPParserLib\SIPParserLib.csproj", "{692FBAD6-731F-4CE1-B202-4E981AF9E665}"
EndProject
Project("{FAE04EC0-301F-11D3-BF4B-00C04F79EFBC}") = "LogLib", "..\LogLib\LogLib\LogLib.csproj", "{EF4B0001-2859-4A09-8F95-3E5BEF4A5272}"
EndProject
Project("{9A19103F-16F7-4668-BE54-9A1E7A4F7556}") = "AudiocodesSyslogLib", "AudiocodesSyslogLib\AudiocodesSyslogLib.csproj", "{DF33FA88-6FA8-4B32-B5C0-589FC91CAF82}"
EndProject
Project("{2150E333-8FDC-42A3-9474-1A3956D46DE8}") = "UnitTests", "UnitTests", "{6A28D05C-EF1C-4718-A428-D0E044DB2DDB}"
EndProject
Project("{9A19103F-16F7-4668-BE54-9A1E7A4F7556}") = "AudiocodesSyslogLibTest", "AudiocodesSyslogLibTest\AudiocodesSyslogLibTest.csproj", "{3C0FEC63-05A7-472A-88AF-284EAA73F41D}"
EndProject
Project("{9A19103F-16F7-4668-BE54-9A1E7A4F7556}") = "ViewModelLib", "..\ViewModelLib\ViewModelLib\ViewModelLib.csproj", "{501D5509-7F3C-41E0-A78B-5D4A7911560D}"
EndProject
Project("{9A19103F-16F7-4668-BE54-9A1E7A4F7556}") = "ParserLib", "..\ParserLib\ParserLib\ParserLib.csproj", "{80FEC6ED-A4AC-41FD-975C-32C0D1059B83}"
EndProject
Project("{FAE04EC0-301F-11D3-BF4B-00C04F79EFBC}") = "ModuleLib", "..\ModuleLib\ModuleLib\ModuleLib.csproj", "{F89B06C7-43CC-4589-9859-3A4656AAA4A6}"
EndProject
Project("{FAE04EC0-301F-11D3-BF4B-00C04F79EFBC}") = "SIP-o-matic.corelib", "SIP-o-matic.corelib\SIP-o-matic.corelib.csproj", "{96C08F69-40C4-4043-8DB2-49D4E017BCEB}"
EndProject
Global
	GlobalSection(SolutionConfigurationPlatforms) = preSolution
		Debug|Any CPU = Debug|Any CPU
		Release|Any CPU = Release|Any CPU
	EndGlobalSection
	GlobalSection(ProjectConfigurationPlatforms) = postSolution
		{95255AE7-01F3-48A5-A307-3D7C2DD82B0B}.Debug|Any CPU.ActiveCfg = Debug|Any CPU
		{95255AE7-01F3-48A5-A307-3D7C2DD82B0B}.Debug|Any CPU.Build.0 = Debug|Any CPU
		{95255AE7-01F3-48A5-A307-3D7C2DD82B0B}.Release|Any CPU.ActiveCfg = Release|Any CPU
		{95255AE7-01F3-48A5-A307-3D7C2DD82B0B}.Release|Any CPU.Build.0 = Release|Any CPU
		{7F86EF1D-94C6-44DF-9C8F-4701ADA054FC}.Debug|Any CPU.ActiveCfg = Debug|Any CPU
		{7F86EF1D-94C6-44DF-9C8F-4701ADA054FC}.Debug|Any CPU.Build.0 = Debug|Any CPU
		{7F86EF1D-94C6-44DF-9C8F-4701ADA054FC}.Release|Any CPU.ActiveCfg = Release|Any CPU
		{7F86EF1D-94C6-44DF-9C8F-4701ADA054FC}.Release|Any CPU.Build.0 = Release|Any CPU
		{692FBAD6-731F-4CE1-B202-4E981AF9E665}.Debug|Any CPU.ActiveCfg = Debug|Any CPU
		{692FBAD6-731F-4CE1-B202-4E981AF9E665}.Debug|Any CPU.Build.0 = Debug|Any CPU
		{692FBAD6-731F-4CE1-B202-4E981AF9E665}.Release|Any CPU.ActiveCfg = Release|Any CPU
		{692FBAD6-731F-4CE1-B202-4E981AF9E665}.Release|Any CPU.Build.0 = Release|Any CPU
		{EF4B0001-2859-4A09-8F95-3E5BEF4A5272}.Debug|Any CPU.ActiveCfg = Debug|Any CPU
		{EF4B0001-2859-4A09-8F95-3E5BEF4A5272}.Debug|Any CPU.Build.0 = Debug|Any CPU
		{EF4B0001-2859-4A09-8F95-3E5BEF4A5272}.Release|Any CPU.ActiveCfg = Release|Any CPU
		{EF4B0001-2859-4A09-8F95-3E5BEF4A5272}.Release|Any CPU.Build.0 = Release|Any CPU
		{DF33FA88-6FA8-4B32-B5C0-589FC91CAF82}.Debug|Any CPU.ActiveCfg = Debug|Any CPU
		{DF33FA88-6FA8-4B32-B5C0-589FC91CAF82}.Debug|Any CPU.Build.0 = Debug|Any CPU
		{DF33FA88-6FA8-4B32-B5C0-589FC91CAF82}.Release|Any CPU.ActiveCfg = Release|Any CPU
		{DF33FA88-6FA8-4B32-B5C0-589FC91CAF82}.Release|Any CPU.Build.0 = Release|Any CPU
		{3C0FEC63-05A7-472A-88AF-284EAA73F41D}.Debug|Any CPU.ActiveCfg = Debug|Any CPU
		{3C0FEC63-05A7-472A-88AF-284EAA73F41D}.Debug|Any CPU.Build.0 = Debug|Any CPU
		{3C0FEC63-05A7-472A-88AF-284EAA73F41D}.Release|Any CPU.ActiveCfg = Release|Any CPU
		{3C0FEC63-05A7-472A-88AF-284EAA73F41D}.Release|Any CPU.Build.0 = Release|Any CPU
		{501D5509-7F3C-41E0-A78B-5D4A7911560D}.Debug|Any CPU.ActiveCfg = Debug|Any CPU
		{501D5509-7F3C-41E0-A78B-5D4A7911560D}.Debug|Any CPU.Build.0 = Debug|Any CPU
		{501D5509-7F3C-41E0-A78B-5D4A7911560D}.Release|Any CPU.ActiveCfg = Release|Any CPU
		{501D5509-7F3C-41E0-A78B-5D4A7911560D}.Release|Any CPU.Build.0 = Release|Any CPU
		{80FEC6ED-A4AC-41FD-975C-32C0D1059B83}.Debug|Any CPU.ActiveCfg = Debug|Any CPU
		{80FEC6ED-A4AC-41FD-975C-32C0D1059B83}.Debug|Any CPU.Build.0 = Debug|Any CPU
		{80FEC6ED-A4AC-41FD-975C-32C0D1059B83}.Release|Any CPU.ActiveCfg = Release|Any CPU
		{80FEC6ED-A4AC-41FD-975C-32C0D1059B83}.Release|Any CPU.Build.0 = Release|Any CPU
		{F89B06C7-43CC-4589-9859-3A4656AAA4A6}.Debug|Any CPU.ActiveCfg = Debug|Any CPU
		{F89B06C7-43CC-4589-9859-3A4656AAA4A6}.Debug|Any CPU.Build.0 = Debug|Any CPU
		{F89B06C7-43CC-4589-9859-3A4656AAA4A6}.Release|Any CPU.ActiveCfg = Release|Any CPU
		{F89B06C7-43CC-4589-9859-3A4656AAA4A6}.Release|Any CPU.Build.0 = Release|Any CPU
		{96C08F69-40C4-4043-8DB2-49D4E017BCEB}.Debug|Any CPU.ActiveCfg = Debug|Any CPU
		{96C08F69-40C4-4043-8DB2-49D4E017BCEB}.Debug|Any CPU.Build.0 = Debug|Any CPU
		{96C08F69-40C4-4043-8DB2-49D4E017BCEB}.Release|Any CPU.ActiveCfg = Release|Any CPU
		{96C08F69-40C4-4043-8DB2-49D4E017BCEB}.Release|Any CPU.Build.0 = Release|Any CPU
	EndGlobalSection
	GlobalSection(SolutionProperties) = preSolution
		HideSolutionNode = FALSE
	EndGlobalSection
	GlobalSection(NestedProjects) = preSolution
		{7F86EF1D-94C6-44DF-9C8F-4701ADA054FC} = {FBC5094F-1E9C-4B2B-8DBC-710009E6DE9A}
		{692FBAD6-731F-4CE1-B202-4E981AF9E665} = {FBC5094F-1E9C-4B2B-8DBC-710009E6DE9A}
		{EF4B0001-2859-4A09-8F95-3E5BEF4A5272} = {FBC5094F-1E9C-4B2B-8DBC-710009E6DE9A}
		{3C0FEC63-05A7-472A-88AF-284EAA73F41D} = {6A28D05C-EF1C-4718-A428-D0E044DB2DDB}
		{501D5509-7F3C-41E0-A78B-5D4A7911560D} = {FBC5094F-1E9C-4B2B-8DBC-710009E6DE9A}
		{80FEC6ED-A4AC-41FD-975C-32C0D1059B83} = {FBC5094F-1E9C-4B2B-8DBC-710009E6DE9A}
		{F89B06C7-43CC-4589-9859-3A4656AAA4A6} = {FBC5094F-1E9C-4B2B-8DBC-710009E6DE9A}
	EndGlobalSection
	GlobalSection(ExtensibilityGlobals) = postSolution
		SolutionGuid = {9229E506-032C-4EEB-9A4A-D9F3DC95820E}
	EndGlobalSection
EndGlobal
